// !$*UTF8*$!
{
	archiveVersion = 1;
	classes = {
	};
	objectVersion = 46;
	objects = {

/* Begin PBXBuildFile section */
		83347F0716B45E92003211F0 /* PlaylistViewController.m in Sources */ = {isa = PBXBuildFile; fileRef = 83347F0616B45E92003211F0 /* PlaylistViewController.m */; };
		8355099C16B22AE00028F2D5 /* UIKit.framework in Frameworks */ = {isa = PBXBuildFile; fileRef = 8355099B16B22AE00028F2D5 /* UIKit.framework */; };
		8355099E16B22AE00028F2D5 /* Foundation.framework in Frameworks */ = {isa = PBXBuildFile; fileRef = 8355099D16B22AE00028F2D5 /* Foundation.framework */; };
		835509A016B22AE00028F2D5 /* CoreGraphics.framework in Frameworks */ = {isa = PBXBuildFile; fileRef = 8355099F16B22AE00028F2D5 /* CoreGraphics.framework */; };
		835509A616B22AE00028F2D5 /* InfoPlist.strings in Resources */ = {isa = PBXBuildFile; fileRef = 835509A416B22AE00028F2D5 /* InfoPlist.strings */; };
		835509A816B22AE00028F2D5 /* main.m in Sources */ = {isa = PBXBuildFile; fileRef = 835509A716B22AE00028F2D5 /* main.m */; };
		835509AC16B22AE00028F2D5 /* AppDelegate.m in Sources */ = {isa = PBXBuildFile; fileRef = 835509AB16B22AE00028F2D5 /* AppDelegate.m */; };
		835509AE16B22AE00028F2D5 /* Default.png in Resources */ = {isa = PBXBuildFile; fileRef = 835509AD16B22AE00028F2D5 /* Default.png */; };
		835509B016B22AE00028F2D5 /* Default@2x.png in Resources */ = {isa = PBXBuildFile; fileRef = 835509AF16B22AE00028F2D5 /* Default@2x.png */; };
		835509B216B22AE00028F2D5 /* Default-568h@2x.png in Resources */ = {isa = PBXBuildFile; fileRef = 835509B116B22AE00028F2D5 /* Default-568h@2x.png */; };
		835509B516B22AE00028F2D5 /* MainStoryboard_iPhone.storyboard in Resources */ = {isa = PBXBuildFile; fileRef = 835509B316B22AE00028F2D5 /* MainStoryboard_iPhone.storyboard */; };
		835509B816B22AE00028F2D5 /* MainStoryboard_iPad.storyboard in Resources */ = {isa = PBXBuildFile; fileRef = 835509B616B22AE00028F2D5 /* MainStoryboard_iPad.storyboard */; };
		835509D516B230540028F2D5 /* libRestKit.a in Frameworks */ = {isa = PBXBuildFile; fileRef = 835509CC16B22F210028F2D5 /* libRestKit.a */; };
		835509D716B230630028F2D5 /* CFNetwork.framework in Frameworks */ = {isa = PBXBuildFile; fileRef = 835509D616B230630028F2D5 /* CFNetwork.framework */; };
		835509D916B230690028F2D5 /* CoreData.framework in Frameworks */ = {isa = PBXBuildFile; fileRef = 835509D816B230690028F2D5 /* CoreData.framework */; };
		835509DB16B230730028F2D5 /* MobileCoreServices.framework in Frameworks */ = {isa = PBXBuildFile; fileRef = 835509DA16B230730028F2D5 /* MobileCoreServices.framework */; };
		835509DD16B2307B0028F2D5 /* Security.framework in Frameworks */ = {isa = PBXBuildFile; fileRef = 835509DC16B2307B0028F2D5 /* Security.framework */; };
		835509DF16B230840028F2D5 /* SystemConfiguration.framework in Frameworks */ = {isa = PBXBuildFile; fileRef = 835509DE16B230840028F2D5 /* SystemConfiguration.framework */; };
		8385816C16B39CFB00D0F5B0 /* BaseCoreDataTableViewController.m in Sources */ = {isa = PBXBuildFile; fileRef = 8385816B16B39CFB00D0F5B0 /* BaseCoreDataTableViewController.m */; };
		83B8589716B2675E007A3258 /* Model.xcdatamodeld in Sources */ = {isa = PBXBuildFile; fileRef = 83B8589516B2675E007A3258 /* Model.xcdatamodeld */; };
		83B8589E16B26F63007A3258 /* Artist.m in Sources */ = {isa = PBXBuildFile; fileRef = 83B8589D16B26F63007A3258 /* Artist.m */; };
		83B858A116B26F63007A3258 /* Song.m in Sources */ = {isa = PBXBuildFile; fileRef = 83B858A016B26F63007A3258 /* Song.m */; };
		83B858A416B26F63007A3258 /* Album.m in Sources */ = {isa = PBXBuildFile; fileRef = 83B858A316B26F63007A3258 /* Album.m */; };
		83B858A716B310B2007A3258 /* CoreDataTableViewController.m in Sources */ = {isa = PBXBuildFile; fileRef = 83B858A616B310B2007A3258 /* CoreDataTableViewController.m */; };
		83B858AA16B310EB007A3258 /* ArtistsTableViewController.m in Sources */ = {isa = PBXBuildFile; fileRef = 83B858A916B310EB007A3258 /* ArtistsTableViewController.m */; };
		83B858B216B3253D007A3258 /* SDWebImageDecoder.m in Sources */ = {isa = PBXBuildFile; fileRef = 83B858AE16B3253D007A3258 /* SDWebImageDecoder.m */; };
		83B858B316B3253D007A3258 /* SDWebImageDownloader.m in Sources */ = {isa = PBXBuildFile; fileRef = 83B858B016B3253D007A3258 /* SDWebImageDownloader.m */; };
		83B858BA16B35B8F007A3258 /* NSString+InitialCharaterGrouping.m in Sources */ = {isa = PBXBuildFile; fileRef = 83B858B916B35B8F007A3258 /* NSString+InitialCharaterGrouping.m */; };
		83B858BD16B3631A007A3258 /* CoreDataViewController.m in Sources */ = {isa = PBXBuildFile; fileRef = 83B858BC16B36319007A3258 /* CoreDataViewController.m */; };
		83B858C016B369A8007A3258 /* AlbumsTableViewController.m in Sources */ = {isa = PBXBuildFile; fileRef = 83B858BF16B369A8007A3258 /* AlbumsTableViewController.m */; };
		83B858C316B399EF007A3258 /* SongsTableViewController.m in Sources */ = {isa = PBXBuildFile; fileRef = 83B858C216B399EF007A3258 /* SongsTableViewController.m */; };
/* End PBXBuildFile section */

/* Begin PBXContainerItemProxy section */
		835509CB16B22F210028F2D5 /* PBXContainerItemProxy */ = {
			isa = PBXContainerItemProxy;
			containerPortal = 835509C116B22F200028F2D5 /* RestKit.xcodeproj */;
			proxyType = 2;
			remoteGlobalIDString = 25160D1614564E810060A5C5;
			remoteInfo = RestKit;
		};
		835509CD16B22F210028F2D5 /* PBXContainerItemProxy */ = {
			isa = PBXContainerItemProxy;
			containerPortal = 835509C116B22F200028F2D5 /* RestKit.xcodeproj */;
			proxyType = 2;
			remoteGlobalIDString = 25160D2614564E820060A5C5;
			remoteInfo = RestKitTests;
		};
		835509CF16B22F210028F2D5 /* PBXContainerItemProxy */ = {
			isa = PBXContainerItemProxy;
			containerPortal = 835509C116B22F200028F2D5 /* RestKit.xcodeproj */;
			proxyType = 2;
			remoteGlobalIDString = 25160E62145651060060A5C5;
			remoteInfo = RestKitFramework;
		};
		835509D116B22F210028F2D5 /* PBXContainerItemProxy */ = {
			isa = PBXContainerItemProxy;
			containerPortal = 835509C116B22F200028F2D5 /* RestKit.xcodeproj */;
			proxyType = 2;
			remoteGlobalIDString = 25160E78145651060060A5C5;
			remoteInfo = RestKitFrameworkTests;
		};
		835509D316B230320028F2D5 /* PBXContainerItemProxy */ = {
			isa = PBXContainerItemProxy;
			containerPortal = 835509C116B22F200028F2D5 /* RestKit.xcodeproj */;
			proxyType = 1;
			remoteGlobalIDString = 25160D1514564E810060A5C5;
			remoteInfo = RestKit;
		};
/* End PBXContainerItemProxy section */

/* Begin PBXFileReference section */
		83347F0516B45E91003211F0 /* PlaylistViewController.h */ = {isa = PBXFileReference; fileEncoding = 4; lastKnownFileType = sourcecode.c.h; path = PlaylistViewController.h; sourceTree = "<group>"; };
		83347F0616B45E92003211F0 /* PlaylistViewController.m */ = {isa = PBXFileReference; fileEncoding = 4; lastKnownFileType = sourcecode.c.objc; path = PlaylistViewController.m; sourceTree = "<group>"; };
		8355099716B22AE00028F2D5 /* DJPi.app */ = {isa = PBXFileReference; explicitFileType = wrapper.application; includeInIndex = 0; path = DJPi.app; sourceTree = BUILT_PRODUCTS_DIR; };
		8355099B16B22AE00028F2D5 /* UIKit.framework */ = {isa = PBXFileReference; lastKnownFileType = wrapper.framework; name = UIKit.framework; path = System/Library/Frameworks/UIKit.framework; sourceTree = SDKROOT; };
		8355099D16B22AE00028F2D5 /* Foundation.framework */ = {isa = PBXFileReference; lastKnownFileType = wrapper.framework; name = Foundation.framework; path = System/Library/Frameworks/Foundation.framework; sourceTree = SDKROOT; };
		8355099F16B22AE00028F2D5 /* CoreGraphics.framework */ = {isa = PBXFileReference; lastKnownFileType = wrapper.framework; name = CoreGraphics.framework; path = System/Library/Frameworks/CoreGraphics.framework; sourceTree = SDKROOT; };
		835509A316B22AE00028F2D5 /* DJPi-Info.plist */ = {isa = PBXFileReference; lastKnownFileType = text.plist.xml; path = "DJPi-Info.plist"; sourceTree = "<group>"; };
		835509A516B22AE00028F2D5 /* en */ = {isa = PBXFileReference; lastKnownFileType = text.plist.strings; name = en; path = en.lproj/InfoPlist.strings; sourceTree = "<group>"; };
		835509A716B22AE00028F2D5 /* main.m */ = {isa = PBXFileReference; lastKnownFileType = sourcecode.c.objc; path = main.m; sourceTree = "<group>"; };
		835509A916B22AE00028F2D5 /* DJPi-Prefix.pch */ = {isa = PBXFileReference; lastKnownFileType = sourcecode.c.h; path = "DJPi-Prefix.pch"; sourceTree = "<group>"; };
		835509AA16B22AE00028F2D5 /* AppDelegate.h */ = {isa = PBXFileReference; lastKnownFileType = sourcecode.c.h; path = AppDelegate.h; sourceTree = "<group>"; };
		835509AB16B22AE00028F2D5 /* AppDelegate.m */ = {isa = PBXFileReference; lastKnownFileType = sourcecode.c.objc; path = AppDelegate.m; sourceTree = "<group>"; };
		835509AD16B22AE00028F2D5 /* Default.png */ = {isa = PBXFileReference; lastKnownFileType = image.png; path = Default.png; sourceTree = "<group>"; };
		835509AF16B22AE00028F2D5 /* Default@2x.png */ = {isa = PBXFileReference; lastKnownFileType = image.png; path = "Default@2x.png"; sourceTree = "<group>"; };
		835509B116B22AE00028F2D5 /* Default-568h@2x.png */ = {isa = PBXFileReference; lastKnownFileType = image.png; path = "Default-568h@2x.png"; sourceTree = "<group>"; };
		835509B416B22AE00028F2D5 /* en */ = {isa = PBXFileReference; lastKnownFileType = file.storyboard; name = en; path = en.lproj/MainStoryboard_iPhone.storyboard; sourceTree = "<group>"; };
		835509B716B22AE00028F2D5 /* en */ = {isa = PBXFileReference; lastKnownFileType = file.storyboard; name = en; path = en.lproj/MainStoryboard_iPad.storyboard; sourceTree = "<group>"; };
		835509C116B22F200028F2D5 /* RestKit.xcodeproj */ = {isa = PBXFileReference; lastKnownFileType = "wrapper.pb-project"; name = RestKit.xcodeproj; path = RestKit/RestKit.xcodeproj; sourceTree = "<group>"; };
		835509D616B230630028F2D5 /* CFNetwork.framework */ = {isa = PBXFileReference; lastKnownFileType = wrapper.framework; name = CFNetwork.framework; path = System/Library/Frameworks/CFNetwork.framework; sourceTree = SDKROOT; };
		835509D816B230690028F2D5 /* CoreData.framework */ = {isa = PBXFileReference; lastKnownFileType = wrapper.framework; name = CoreData.framework; path = System/Library/Frameworks/CoreData.framework; sourceTree = SDKROOT; };
		835509DA16B230730028F2D5 /* MobileCoreServices.framework */ = {isa = PBXFileReference; lastKnownFileType = wrapper.framework; name = MobileCoreServices.framework; path = System/Library/Frameworks/MobileCoreServices.framework; sourceTree = SDKROOT; };
		835509DC16B2307B0028F2D5 /* Security.framework */ = {isa = PBXFileReference; lastKnownFileType = wrapper.framework; name = Security.framework; path = System/Library/Frameworks/Security.framework; sourceTree = SDKROOT; };
		835509DE16B230840028F2D5 /* SystemConfiguration.framework */ = {isa = PBXFileReference; lastKnownFileType = wrapper.framework; name = SystemConfiguration.framework; path = System/Library/Frameworks/SystemConfiguration.framework; sourceTree = SDKROOT; };
		8385816A16B39CFB00D0F5B0 /* BaseCoreDataTableViewController.h */ = {isa = PBXFileReference; fileEncoding = 4; lastKnownFileType = sourcecode.c.h; path = BaseCoreDataTableViewController.h; sourceTree = "<group>"; };
		8385816B16B39CFB00D0F5B0 /* BaseCoreDataTableViewController.m */ = {isa = PBXFileReference; fileEncoding = 4; lastKnownFileType = sourcecode.c.objc; path = BaseCoreDataTableViewController.m; sourceTree = "<group>"; };
		83B8589616B2675E007A3258 /* Model.xcdatamodel */ = {isa = PBXFileReference; lastKnownFileType = wrapper.xcdatamodel; path = Model.xcdatamodel; sourceTree = "<group>"; };
		83B8589C16B26F63007A3258 /* Artist.h */ = {isa = PBXFileReference; fileEncoding = 4; lastKnownFileType = sourcecode.c.h; name = Artist.h; path = Database/Artist.h; sourceTree = "<group>"; };
		83B8589D16B26F63007A3258 /* Artist.m */ = {isa = PBXFileReference; fileEncoding = 4; lastKnownFileType = sourcecode.c.objc; name = Artist.m; path = Database/Artist.m; sourceTree = "<group>"; };
		83B8589F16B26F63007A3258 /* Song.h */ = {isa = PBXFileReference; fileEncoding = 4; lastKnownFileType = sourcecode.c.h; name = Song.h; path = Database/Song.h; sourceTree = "<group>"; };
		83B858A016B26F63007A3258 /* Song.m */ = {isa = PBXFileReference; fileEncoding = 4; lastKnownFileType = sourcecode.c.objc; name = Song.m; path = Database/Song.m; sourceTree = "<group>"; };
		83B858A216B26F63007A3258 /* Album.h */ = {isa = PBXFileReference; fileEncoding = 4; lastKnownFileType = sourcecode.c.h; name = Album.h; path = Database/Album.h; sourceTree = "<group>"; };
		83B858A316B26F63007A3258 /* Album.m */ = {isa = PBXFileReference; fileEncoding = 4; lastKnownFileType = sourcecode.c.objc; name = Album.m; path = Database/Album.m; sourceTree = "<group>"; };
		83B858A516B310B2007A3258 /* CoreDataTableViewController.h */ = {isa = PBXFileReference; fileEncoding = 4; lastKnownFileType = sourcecode.c.h; path = CoreDataTableViewController.h; sourceTree = "<group>"; };
		83B858A616B310B2007A3258 /* CoreDataTableViewController.m */ = {isa = PBXFileReference; fileEncoding = 4; lastKnownFileType = sourcecode.c.objc; path = CoreDataTableViewController.m; sourceTree = "<group>"; };
		83B858A816B310EA007A3258 /* ArtistsTableViewController.h */ = {isa = PBXFileReference; fileEncoding = 4; lastKnownFileType = sourcecode.c.h; path = ArtistsTableViewController.h; sourceTree = "<group>"; };
		83B858A916B310EB007A3258 /* ArtistsTableViewController.m */ = {isa = PBXFileReference; fileEncoding = 4; lastKnownFileType = sourcecode.c.objc; path = ArtistsTableViewController.m; sourceTree = "<group>"; };
		83B858AC16B3253D007A3258 /* SDWebImageCompat.h */ = {isa = PBXFileReference; fileEncoding = 4; lastKnownFileType = sourcecode.c.h; name = SDWebImageCompat.h; path = External/SDWebImageCompat.h; sourceTree = "<group>"; };
		83B858AD16B3253D007A3258 /* SDWebImageDecoder.h */ = {isa = PBXFileReference; fileEncoding = 4; lastKnownFileType = sourcecode.c.h; name = SDWebImageDecoder.h; path = External/SDWebImageDecoder.h; sourceTree = "<group>"; };
		83B858AE16B3253D007A3258 /* SDWebImageDecoder.m */ = {isa = PBXFileReference; fileEncoding = 4; lastKnownFileType = sourcecode.c.objc; name = SDWebImageDecoder.m; path = External/SDWebImageDecoder.m; sourceTree = "<group>"; };
		83B858AF16B3253D007A3258 /* SDWebImageDownloader.h */ = {isa = PBXFileReference; fileEncoding = 4; lastKnownFileType = sourcecode.c.h; name = SDWebImageDownloader.h; path = External/SDWebImageDownloader.h; sourceTree = "<group>"; };
		83B858B016B3253D007A3258 /* SDWebImageDownloader.m */ = {isa = PBXFileReference; fileEncoding = 4; lastKnownFileType = sourcecode.c.objc; name = SDWebImageDownloader.m; path = External/SDWebImageDownloader.m; sourceTree = "<group>"; };
		83B858B116B3253D007A3258 /* SDWebImageDownloaderDelegate.h */ = {isa = PBXFileReference; fileEncoding = 4; lastKnownFileType = sourcecode.c.h; name = SDWebImageDownloaderDelegate.h; path = External/SDWebImageDownloaderDelegate.h; sourceTree = "<group>"; };
		83B858B816B35B8F007A3258 /* NSString+InitialCharaterGrouping.h */ = {isa = PBXFileReference; fileEncoding = 4; lastKnownFileType = sourcecode.c.h; name = "NSString+InitialCharaterGrouping.h"; path = "External/NSString+InitialCharaterGrouping.h"; sourceTree = "<group>"; };
		83B858B916B35B8F007A3258 /* NSString+InitialCharaterGrouping.m */ = {isa = PBXFileReference; fileEncoding = 4; lastKnownFileType = sourcecode.c.objc; name = "NSString+InitialCharaterGrouping.m"; path = "External/NSString+InitialCharaterGrouping.m"; sourceTree = "<group>"; };
		83B858BB16B36319007A3258 /* CoreDataViewController.h */ = {isa = PBXFileReference; fileEncoding = 4; lastKnownFileType = sourcecode.c.h; name = CoreDataViewController.h; path = "../../Scorepad+/Scorepad+/CoreDataViewController.h"; sourceTree = "<group>"; };
		83B858BC16B36319007A3258 /* CoreDataViewController.m */ = {isa = PBXFileReference; fileEncoding = 4; lastKnownFileType = sourcecode.c.objc; name = CoreDataViewController.m; path = "../../Scorepad+/Scorepad+/CoreDataViewController.m"; sourceTree = "<group>"; };
		83B858BE16B369A7007A3258 /* AlbumsTableViewController.h */ = {isa = PBXFileReference; fileEncoding = 4; lastKnownFileType = sourcecode.c.h; path = AlbumsTableViewController.h; sourceTree = "<group>"; };
		83B858BF16B369A8007A3258 /* AlbumsTableViewController.m */ = {isa = PBXFileReference; fileEncoding = 4; lastKnownFileType = sourcecode.c.objc; path = AlbumsTableViewController.m; sourceTree = "<group>"; };
		83B858C116B399EE007A3258 /* SongsTableViewController.h */ = {isa = PBXFileReference; fileEncoding = 4; lastKnownFileType = sourcecode.c.h; path = SongsTableViewController.h; sourceTree = "<group>"; };
		83B858C216B399EF007A3258 /* SongsTableViewController.m */ = {isa = PBXFileReference; fileEncoding = 4; lastKnownFileType = sourcecode.c.objc; path = SongsTableViewController.m; sourceTree = "<group>"; };
/* End PBXFileReference section */

/* Begin PBXFrameworksBuildPhase section */
		8355099416B22AE00028F2D5 /* Frameworks */ = {
			isa = PBXFrameworksBuildPhase;
			buildActionMask = 2147483647;
			files = (
				835509DF16B230840028F2D5 /* SystemConfiguration.framework in Frameworks */,
				835509DD16B2307B0028F2D5 /* Security.framework in Frameworks */,
				835509DB16B230730028F2D5 /* MobileCoreServices.framework in Frameworks */,
				835509D916B230690028F2D5 /* CoreData.framework in Frameworks */,
				835509D716B230630028F2D5 /* CFNetwork.framework in Frameworks */,
				835509D516B230540028F2D5 /* libRestKit.a in Frameworks */,
				8355099C16B22AE00028F2D5 /* UIKit.framework in Frameworks */,
				8355099E16B22AE00028F2D5 /* Foundation.framework in Frameworks */,
				835509A016B22AE00028F2D5 /* CoreGraphics.framework in Frameworks */,
			);
			runOnlyForDeploymentPostprocessing = 0;
		};
/* End PBXFrameworksBuildPhase section */

/* Begin PBXGroup section */
		8355098C16B22AE00028F2D5 = {
			isa = PBXGroup;
			children = (
				835509A116B22AE00028F2D5 /* DJPi */,
				8355099A16B22AE00028F2D5 /* Frameworks */,
				8355099816B22AE00028F2D5 /* Products */,
			);
			sourceTree = "<group>";
		};
		8355099816B22AE00028F2D5 /* Products */ = {
			isa = PBXGroup;
			children = (
				8355099716B22AE00028F2D5 /* DJPi.app */,
			);
			name = Products;
			sourceTree = "<group>";
		};
		8355099A16B22AE00028F2D5 /* Frameworks */ = {
			isa = PBXGroup;
			children = (
				835509DE16B230840028F2D5 /* SystemConfiguration.framework */,
				835509DC16B2307B0028F2D5 /* Security.framework */,
				835509DA16B230730028F2D5 /* MobileCoreServices.framework */,
				835509D816B230690028F2D5 /* CoreData.framework */,
				835509D616B230630028F2D5 /* CFNetwork.framework */,
				835509C116B22F200028F2D5 /* RestKit.xcodeproj */,
				8355099B16B22AE00028F2D5 /* UIKit.framework */,
				8355099D16B22AE00028F2D5 /* Foundation.framework */,
				8355099F16B22AE00028F2D5 /* CoreGraphics.framework */,
			);
			name = Frameworks;
			sourceTree = "<group>";
		};
		835509A116B22AE00028F2D5 /* DJPi */ = {
			isa = PBXGroup;
			children = (
				835509AA16B22AE00028F2D5 /* AppDelegate.h */,
				835509AB16B22AE00028F2D5 /* AppDelegate.m */,
				835509B316B22AE00028F2D5 /* MainStoryboard_iPhone.storyboard */,
				835509B616B22AE00028F2D5 /* MainStoryboard_iPad.storyboard */,
				83B858A816B310EA007A3258 /* ArtistsTableViewController.h */,
				83B858A916B310EB007A3258 /* ArtistsTableViewController.m */,
				83B858BE16B369A7007A3258 /* AlbumsTableViewController.h */,
				83B858BF16B369A8007A3258 /* AlbumsTableViewController.m */,
				83B858C116B399EE007A3258 /* SongsTableViewController.h */,
				83B858C216B399EF007A3258 /* SongsTableViewController.m */,
				83B858BB16B36319007A3258 /* CoreDataViewController.h */,
				83B858BC16B36319007A3258 /* CoreDataViewController.m */,
				8385816A16B39CFB00D0F5B0 /* BaseCoreDataTableViewController.h */,
				8385816B16B39CFB00D0F5B0 /* BaseCoreDataTableViewController.m */,
				83B858A516B310B2007A3258 /* CoreDataTableViewController.h */,
				83B858A616B310B2007A3258 /* CoreDataTableViewController.m */,
				83B8589416B266E7007A3258 /* Database */,
				83B858AB16B324DE007A3258 /* External */,
				835509A216B22AE00028F2D5 /* Supporting Files */,
				83347F0516B45E91003211F0 /* PlaylistViewController.h */,
				83347F0616B45E92003211F0 /* PlaylistViewController.m */,
			);
			path = DJPi;
			sourceTree = "<group>";
		};
		835509A216B22AE00028F2D5 /* Supporting Files */ = {
			isa = PBXGroup;
			children = (
				835509A316B22AE00028F2D5 /* DJPi-Info.plist */,
				835509A416B22AE00028F2D5 /* InfoPlist.strings */,
				835509A716B22AE00028F2D5 /* main.m */,
				835509A916B22AE00028F2D5 /* DJPi-Prefix.pch */,
				835509AD16B22AE00028F2D5 /* Default.png */,
				835509AF16B22AE00028F2D5 /* Default@2x.png */,
				835509B116B22AE00028F2D5 /* Default-568h@2x.png */,
			);
			name = "Supporting Files";
			sourceTree = "<group>";
		};
		835509C216B22F200028F2D5 /* Products */ = {
			isa = PBXGroup;
			children = (
				835509CC16B22F210028F2D5 /* libRestKit.a */,
				835509CE16B22F210028F2D5 /* RestKitTests.octest */,
				835509D016B22F210028F2D5 /* RestKit.framework */,
				835509D216B22F210028F2D5 /* RestKitFrameworkTests.octest */,
			);
			name = Products;
			sourceTree = "<group>";
		};
		83B8589416B266E7007A3258 /* Database */ = {
			isa = PBXGroup;
			children = (
				83B8589516B2675E007A3258 /* Model.xcdatamodeld */,
				83B858A216B26F63007A3258 /* Album.h */,
				83B858A316B26F63007A3258 /* Album.m */,
				83B8589F16B26F63007A3258 /* Song.h */,
				83B858A016B26F63007A3258 /* Song.m */,
				83B8589C16B26F63007A3258 /* Artist.h */,
				83B8589D16B26F63007A3258 /* Artist.m */,
			);
			name = Database;
			sourceTree = "<group>";
		};
		83B858AB16B324DE007A3258 /* External */ = {
			isa = PBXGroup;
			children = (
				83B858B816B35B8F007A3258 /* NSString+InitialCharaterGrouping.h */,
				83B858B916B35B8F007A3258 /* NSString+InitialCharaterGrouping.m */,
				83B858AC16B3253D007A3258 /* SDWebImageCompat.h */,
				83B858AD16B3253D007A3258 /* SDWebImageDecoder.h */,
				83B858AE16B3253D007A3258 /* SDWebImageDecoder.m */,
				83B858AF16B3253D007A3258 /* SDWebImageDownloader.h */,
				83B858B016B3253D007A3258 /* SDWebImageDownloader.m */,
				83B858B116B3253D007A3258 /* SDWebImageDownloaderDelegate.h */,
			);
			name = External;
			sourceTree = "<group>";
		};
/* End PBXGroup section */

/* Begin PBXNativeTarget section */
		8355099616B22AE00028F2D5 /* DJPi */ = {
			isa = PBXNativeTarget;
			buildConfigurationList = 835509BE16B22AE00028F2D5 /* Build configuration list for PBXNativeTarget "DJPi" */;
			buildPhases = (
				8355099316B22AE00028F2D5 /* Sources */,
				8355099416B22AE00028F2D5 /* Frameworks */,
				8355099516B22AE00028F2D5 /* Resources */,
			);
			buildRules = (
			);
			dependencies = (
				835509D416B230320028F2D5 /* PBXTargetDependency */,
			);
			name = DJPi;
			productName = DJPi;
			productReference = 8355099716B22AE00028F2D5 /* DJPi.app */;
			productType = "com.apple.product-type.application";
		};
/* End PBXNativeTarget section */

/* Begin PBXProject section */
		8355098E16B22AE00028F2D5 /* Project object */ = {
			isa = PBXProject;
			attributes = {
				LastUpgradeCheck = 0450;
				ORGANIZATIONNAME = CDVConcepts;
			};
			buildConfigurationList = 8355099116B22AE00028F2D5 /* Build configuration list for PBXProject "DJPi" */;
			compatibilityVersion = "Xcode 3.2";
			developmentRegion = English;
			hasScannedForEncodings = 0;
			knownRegions = (
				en,
			);
			mainGroup = 8355098C16B22AE00028F2D5;
			productRefGroup = 8355099816B22AE00028F2D5 /* Products */;
			projectDirPath = "";
			projectReferences = (
				{
					ProductGroup = 835509C216B22F200028F2D5 /* Products */;
					ProjectRef = 835509C116B22F200028F2D5 /* RestKit.xcodeproj */;
				},
			);
			projectRoot = "";
			targets = (
				8355099616B22AE00028F2D5 /* DJPi */,
			);
		};
/* End PBXProject section */

/* Begin PBXReferenceProxy section */
		835509CC16B22F210028F2D5 /* libRestKit.a */ = {
			isa = PBXReferenceProxy;
			fileType = archive.ar;
			path = libRestKit.a;
			remoteRef = 835509CB16B22F210028F2D5 /* PBXContainerItemProxy */;
			sourceTree = BUILT_PRODUCTS_DIR;
		};
		835509CE16B22F210028F2D5 /* RestKitTests.octest */ = {
			isa = PBXReferenceProxy;
			fileType = wrapper.cfbundle;
			path = RestKitTests.octest;
			remoteRef = 835509CD16B22F210028F2D5 /* PBXContainerItemProxy */;
			sourceTree = BUILT_PRODUCTS_DIR;
		};
		835509D016B22F210028F2D5 /* RestKit.framework */ = {
			isa = PBXReferenceProxy;
			fileType = wrapper.framework;
			path = RestKit.framework;
			remoteRef = 835509CF16B22F210028F2D5 /* PBXContainerItemProxy */;
			sourceTree = BUILT_PRODUCTS_DIR;
		};
		835509D216B22F210028F2D5 /* RestKitFrameworkTests.octest */ = {
			isa = PBXReferenceProxy;
			fileType = wrapper.cfbundle;
			path = RestKitFrameworkTests.octest;
			remoteRef = 835509D116B22F210028F2D5 /* PBXContainerItemProxy */;
			sourceTree = BUILT_PRODUCTS_DIR;
		};
/* End PBXReferenceProxy section */

/* Begin PBXResourcesBuildPhase section */
		8355099516B22AE00028F2D5 /* Resources */ = {
			isa = PBXResourcesBuildPhase;
			buildActionMask = 2147483647;
			files = (
				835509A616B22AE00028F2D5 /* InfoPlist.strings in Resources */,
				835509AE16B22AE00028F2D5 /* Default.png in Resources */,
				835509B016B22AE00028F2D5 /* Default@2x.png in Resources */,
				835509B216B22AE00028F2D5 /* Default-568h@2x.png in Resources */,
				835509B516B22AE00028F2D5 /* MainStoryboard_iPhone.storyboard in Resources */,
				835509B816B22AE00028F2D5 /* MainStoryboard_iPad.storyboard in Resources */,
			);
			runOnlyForDeploymentPostprocessing = 0;
		};
/* End PBXResourcesBuildPhase section */

/* Begin PBXSourcesBuildPhase section */
		8355099316B22AE00028F2D5 /* Sources */ = {
			isa = PBXSourcesBuildPhase;
			buildActionMask = 2147483647;
			files = (
				835509A816B22AE00028F2D5 /* main.m in Sources */,
				835509AC16B22AE00028F2D5 /* AppDelegate.m in Sources */,
				83B8589716B2675E007A3258 /* Model.xcdatamodeld in Sources */,
				83B8589E16B26F63007A3258 /* Artist.m in Sources */,
				83B858A116B26F63007A3258 /* Song.m in Sources */,
				83B858A416B26F63007A3258 /* Album.m in Sources */,
				83B858A716B310B2007A3258 /* CoreDataTableViewController.m in Sources */,
				83B858AA16B310EB007A3258 /* ArtistsTableViewController.m in Sources */,
				83B858B216B3253D007A3258 /* SDWebImageDecoder.m in Sources */,
				83B858B316B3253D007A3258 /* SDWebImageDownloader.m in Sources */,
				83B858BA16B35B8F007A3258 /* NSString+InitialCharaterGrouping.m in Sources */,
				83B858BD16B3631A007A3258 /* CoreDataViewController.m in Sources */,
				83B858C016B369A8007A3258 /* AlbumsTableViewController.m in Sources */,
				83B858C316B399EF007A3258 /* SongsTableViewController.m in Sources */,
				8385816C16B39CFB00D0F5B0 /* BaseCoreDataTableViewController.m in Sources */,
				83347F0716B45E92003211F0 /* PlaylistViewController.m in Sources */,
			);
			runOnlyForDeploymentPostprocessing = 0;
		};
/* End PBXSourcesBuildPhase section */

/* Begin PBXTargetDependency section */
		835509D416B230320028F2D5 /* PBXTargetDependency */ = {
			isa = PBXTargetDependency;
			name = RestKit;
			targetProxy = 835509D316B230320028F2D5 /* PBXContainerItemProxy */;
		};
/* End PBXTargetDependency section */

/* Begin PBXVariantGroup section */
		835509A416B22AE00028F2D5 /* InfoPlist.strings */ = {
			isa = PBXVariantGroup;
			children = (
				835509A516B22AE00028F2D5 /* en */,
			);
			name = InfoPlist.strings;
			sourceTree = "<group>";
		};
		835509B316B22AE00028F2D5 /* MainStoryboard_iPhone.storyboard */ = {
			isa = PBXVariantGroup;
			children = (
				835509B416B22AE00028F2D5 /* en */,
			);
			name = MainStoryboard_iPhone.storyboard;
			sourceTree = "<group>";
		};
		835509B616B22AE00028F2D5 /* MainStoryboard_iPad.storyboard */ = {
			isa = PBXVariantGroup;
			children = (
				835509B716B22AE00028F2D5 /* en */,
			);
			name = MainStoryboard_iPad.storyboard;
			sourceTree = "<group>";
		};
/* End PBXVariantGroup section */

/* Begin XCBuildConfiguration section */
		835509BC16B22AE00028F2D5 /* Debug */ = {
			isa = XCBuildConfiguration;
			buildSettings = {
				ALWAYS_SEARCH_USER_PATHS = NO;
				CLANG_CXX_LANGUAGE_STANDARD = "gnu++0x";
				CLANG_CXX_LIBRARY = "libc++";
				CLANG_ENABLE_OBJC_ARC = YES;
				CLANG_WARN_EMPTY_BODY = YES;
				CLANG_WARN__DUPLICATE_METHOD_MATCH = YES;
				"CODE_SIGN_IDENTITY[sdk=iphoneos*]" = "iPhone Developer";
				COPY_PHASE_STRIP = NO;
				GCC_C_LANGUAGE_STANDARD = gnu99;
				GCC_DYNAMIC_NO_PIC = NO;
				GCC_OPTIMIZATION_LEVEL = 0;
				GCC_PREPROCESSOR_DEFINITIONS = (
					"DEBUG=1",
					"$(inherited)",
				);
				GCC_SYMBOLS_PRIVATE_EXTERN = NO;
				GCC_WARN_ABOUT_RETURN_TYPE = YES;
				GCC_WARN_UNINITIALIZED_AUTOS = YES;
				GCC_WARN_UNUSED_VARIABLE = YES;
				HEADER_SEARCH_PATHS = "\"$(BUILT_PRODUCTS_DIR)/../../Headers\"";
				IPHONEOS_DEPLOYMENT_TARGET = 6.0;
				ONLY_ACTIVE_ARCH = YES;
				SDKROOT = iphoneos;
				TARGETED_DEVICE_FAMILY = "1,2";
			};
			name = Debug;
		};
		835509BD16B22AE00028F2D5 /* Release */ = {
			isa = XCBuildConfiguration;
			buildSettings = {
				ALWAYS_SEARCH_USER_PATHS = NO;
				CLANG_CXX_LANGUAGE_STANDARD = "gnu++0x";
				CLANG_CXX_LIBRARY = "libc++";
				CLANG_ENABLE_OBJC_ARC = YES;
				CLANG_WARN_EMPTY_BODY = YES;
				CLANG_WARN__DUPLICATE_METHOD_MATCH = YES;
				"CODE_SIGN_IDENTITY[sdk=iphoneos*]" = "iPhone Developer";
				COPY_PHASE_STRIP = YES;
				GCC_C_LANGUAGE_STANDARD = gnu99;
				GCC_WARN_ABOUT_RETURN_TYPE = YES;
				GCC_WARN_UNINITIALIZED_AUTOS = YES;
				GCC_WARN_UNUSED_VARIABLE = YES;
				HEADER_SEARCH_PATHS = "\"$(BUILT_PRODUCTS_DIR)/../../Headers\"";
				IPHONEOS_DEPLOYMENT_TARGET = 6.0;
				OTHER_CFLAGS = "-DNS_BLOCK_ASSERTIONS=1";
				SDKROOT = iphoneos;
				TARGETED_DEVICE_FAMILY = "1,2";
				VALIDATE_PRODUCT = YES;
			};
			name = Release;
		};
		835509BF16B22AE00028F2D5 /* Debug */ = {
			isa = XCBuildConfiguration;
			buildSettings = {
				GCC_PRECOMPILE_PREFIX_HEADER = YES;
				GCC_PREFIX_HEADER = "DJPi/DJPi-Prefix.pch";
				INFOPLIST_FILE = "DJPi/DJPi-Info.plist";
				OTHER_LDFLAGS = (
					"-all_load",
					"-ObjC",
				);
				PRODUCT_NAME = "$(TARGET_NAME)";
				WRAPPER_EXTENSION = app;
			};
			name = Debug;
		};
		835509C016B22AE00028F2D5 /* Release */ = {
			isa = XCBuildConfiguration;
			buildSettings = {
				GCC_PRECOMPILE_PREFIX_HEADER = YES;
				GCC_PREFIX_HEADER = "DJPi/DJPi-Prefix.pch";
				INFOPLIST_FILE = "DJPi/DJPi-Info.plist";
				OTHER_LDFLAGS = (
					"-all_load",
					"-ObjC",
				);
				PRODUCT_NAME = "$(TARGET_NAME)";
				WRAPPER_EXTENSION = app;
			};
			name = Release;
		};
/* End XCBuildConfiguration section */

/* Begin XCConfigurationList section */
		8355099116B22AE00028F2D5 /* Build configuration list for PBXProject "DJPi" */ = {
			isa = XCConfigurationList;
			buildConfigurations = (
				835509BC16B22AE00028F2D5 /* Debug */,
				835509BD16B22AE00028F2D5 /* Release */,
			);
			defaultConfigurationIsVisible = 0;
			defaultConfigurationName = Release;
		};
		835509BE16B22AE00028F2D5 /* Build configuration list for PBXNativeTarget "DJPi" */ = {
			isa = XCConfigurationList;
			buildConfigurations = (
				835509BF16B22AE00028F2D5 /* Debug */,
				835509C016B22AE00028F2D5 /* Release */,
			);
			defaultConfigurationIsVisible = 0;
			defaultConfigurationName = Release;
		};
/* End XCConfigurationList section */

/* Begin XCVersionGroup section */
		83B8589516B2675E007A3258 /* Model.xcdatamodeld */ = {
			isa = XCVersionGroup;
			children = (
				83B8589616B2675E007A3258 /* Model.xcdatamodel */,
			);
			currentVersion = 83B8589616B2675E007A3258 /* Model.xcdatamodel */;
			path = Model.xcdatamodeld;
			sourceTree = "<group>";
			versionGroupType = wrapper.xcdatamodel;
		};
/* End XCVersionGroup section */
	};
	rootObject = 8355098E16B22AE00028F2D5 /* Project object */;
}
